
Microsoft Visual Studio Solution File, Format Version 12.00
# Visual Studio Version 16
VisualStudioVersion = 16.0.33214.272
MinimumVisualStudioVersion = 10.0.40219.1
Project("{FAE04EC0-301F-11D3-BF4B-00C04F79EFBC}") = "BarcodeReader.Android", "BarcodeReader\BarcodeReader.Android\BarcodeReader.Android.csproj", "{6B16B76E-6720-4D4C-BA1E-4936F64879DF}"
EndProject
Project("{FAE04EC0-301F-11D3-BF4B-00C04F79EFBC}") = "BarcodeReader", "BarcodeReader\BarcodeReader\BarcodeReader.csproj", "{0B66A4DC-AF70-4800-97AE-7F5F965DC008}"
EndProject
Global
	GlobalSection(SolutionConfigurationPlatforms) = preSolution
		Debug|Any CPU = Debug|Any CPU
		Release|Any CPU = Release|Any CPU
	EndGlobalSection
	GlobalSection(ProjectConfigurationPlatforms) = postSolution
		{6B16B76E-6720-4D4C-BA1E-4936F64879DF}.Debug|Any CPU.ActiveCfg = Debug|Any CPU
		{6B16B76E-6720-4D4C-BA1E-4936F64879DF}.Debug|Any CPU.Build.0 = Debug|Any CPU
		{6B16B76E-6720-4D4C-BA1E-4936F64879DF}.Debug|Any CPU.Deploy.0 = Debug|Any CPU
		{6B16B76E-6720-4D4C-BA1E-4936F64879DF}.Release|Any CPU.ActiveCfg = Release|Any CPU
		{6B16B76E-6720-4D4C-BA1E-4936F64879DF}.Release|Any CPU.Build.0 = Release|Any CPU
		{6B16B76E-6720-4D4C-BA1E-4936F64879DF}.Release|Any CPU.Deploy.0 = Release|Any CPU
		{0B66A4DC-AF70-4800-97AE-7F5F965DC008}.Debug|Any CPU.ActiveCfg = Debug|Any CPU
		{0B66A4DC-AF70-4800-97AE-7F5F965DC008}.Debug|Any CPU.Build.0 = Debug|Any CPU
		{0B66A4DC-AF70-4800-97AE-7F5F965DC008}.Debug|Any CPU.Deploy.0 = Debug|Any CPU
		{0B66A4DC-AF70-4800-97AE-7F5F965DC008}.Release|Any CPU.ActiveCfg = Release|Any CPU
		{0B66A4DC-AF70-4800-97AE-7F5F965DC008}.Release|Any CPU.Build.0 = Release|Any CPU
		{0B66A4DC-AF70-4800-97AE-7F5F965DC008}.Release|Any CPU.Deploy.0 = Release|Any CPU
	EndGlobalSection
	GlobalSection(SolutionProperties) = preSolution
		HideSolutionNode = FALSE
	EndGlobalSection
	GlobalSection(ExtensibilityGlobals) = postSolution
		SolutionGuid = {7F3656FC-66DE-4C38-8221-1C403CFF887D}
	EndGlobalSection
EndGlobal
